
Microsoft Visual Studio Solution File, Format Version 12.00
# Visual Studio Version 16
VisualStudioVersion = 16.0.32802.440
MinimumVisualStudioVersion = 10.0.40219.1
Project("{8BC9CEB8-8B4A-11D0-8D11-00A0C91BC942}") = "Example9.7", "Example9.7.vcxproj", "{705A6208-5B7E-4F49-98CA-737EC9B636F7}"
EndProject
Global
	GlobalSection(SolutionConfigurationPlatforms) = preSolution
		Debug|x64 = Debug|x64
		Debug|x86 = Debug|x86
		Release|x64 = Release|x64
		Release|x86 = Release|x86
	EndGlobalSection
	GlobalSection(ProjectConfigurationPlatforms) = postSolution
		{705A6208-5B7E-4F49-98CA-737EC9B636F7}.Debug|x64.ActiveCfg = Debug|x64
		{705A6208-5B7E-4F49-98CA-737EC9B636F7}.Debug|x64.Build.0 = Debug|x64
		{705A6208-5B7E-4F49-98CA-737EC9B636F7}.Debug|x86.ActiveCfg = Debug|Win32
		{705A6208-5B7E-4F49-98CA-737EC9B636F7}.Debug|x86.Build.0 = Debug|Win32
		{705A6208-5B7E-4F49-98CA-737EC9B636F7}.Release|x64.ActiveCfg = Release|x64
		{705A6208-5B7E-4F49-98CA-737EC9B636F7}.Release|x64.Build.0 = Release|x64
		{705A6208-5B7E-4F49-98CA-737EC9B636F7}.Release|x86.ActiveCfg = Release|Win32
		{705A6208-5B7E-4F49-98CA-737EC9B636F7}.Release|x86.Build.0 = Release|Win32
	EndGlobalSection
	GlobalSection(SolutionProperties) = preSolution
		HideSolutionNode = FALSE
	EndGlobalSection
	GlobalSection(ExtensibilityGlobals) = postSolution
		SolutionGuid = {37B926C5-CCC7-43A5-BC02-2982859A34C4}
	EndGlobalSection
EndGlobal
